
Microsoft Visual Studio Solution File, Format Version 12.00
# Visual Studio 15
VisualStudioVersion = 15.0.28307.572
MinimumVisualStudioVersion = 10.0.40219.1
Project("{FAE04EC0-301F-11D3-BF4B-00C04F79EFBC}") = "test", "test\test.csproj", "{21161E47-437F-4B15-93EB-586B5A56ECB6}"
EndProject
Global
	GlobalSection(SolutionConfigurationPlatforms) = preSolution
		Debug|Any CPU = Debug|Any CPU
		Release|Any CPU = Release|Any CPU
	EndGlobalSection
	GlobalSection(ProjectConfigurationPlatforms) = postSolution
		{21161E47-437F-4B15-93EB-586B5A56ECB6}.Debug|Any CPU.ActiveCfg = Debug|Any CPU
		{21161E47-437F-4B15-93EB-586B5A56ECB6}.Debug|Any CPU.Build.0 = Debug|Any CPU
		{21161E47-437F-4B15-93EB-586B5A56ECB6}.Release|Any CPU.ActiveCfg = Release|Any CPU
		{21161E47-437F-4B15-93EB-586B5A56ECB6}.Release|Any CPU.Build.0 = Release|Any CPU
	EndGlobalSection
	GlobalSection(SolutionProperties) = preSolution
		HideSolutionNode = FALSE
	EndGlobalSection
	GlobalSection(ExtensibilityGlobals) = postSolution
		SolutionGuid = {F60E4D21-0564-46B4-8371-67EFD26C3624}
	EndGlobalSection
EndGlobal
